
Microsoft Visual Studio Solution File, Format Version 12.00
# Visual Studio Version 16
VisualStudioVersion = 16.0.31129.286
MinimumVisualStudioVersion = 10.0.40219.1
Project("{9A19103F-16F7-4668-BE54-9A1E7A4F7556}") = "YoutubeClone", "YoutubeClone\YoutubeClone.csproj", "{8E474516-A5D7-4725-A911-D8A4D0CEBB2F}"
EndProject
Project("{FAE04EC0-301F-11D3-BF4B-00C04F79EFBC}") = "YoutubeClone.Foundation", "YoutubeClone.Foundation\YoutubeClone.Foundation.csproj", "{E9193A8D-2382-4396-9A6A-EB07658F79C8}"
EndProject
Project("{FAE04EC0-301F-11D3-BF4B-00C04F79EFBC}") = "YoutubeClone.DataAccessLayer", "YoutubeClone.DataAccessLayer\YoutubeClone.DataAccessLayer.csproj", "{8725E343-0910-4217-BFEE-37BD41676DB8}"
EndProject
Global
	GlobalSection(SolutionConfigurationPlatforms) = preSolution
		Debug|Any CPU = Debug|Any CPU
		Release|Any CPU = Release|Any CPU
	EndGlobalSection
	GlobalSection(ProjectConfigurationPlatforms) = postSolution
		{8E474516-A5D7-4725-A911-D8A4D0CEBB2F}.Debug|Any CPU.ActiveCfg = Debug|Any CPU
		{8E474516-A5D7-4725-A911-D8A4D0CEBB2F}.Debug|Any CPU.Build.0 = Debug|Any CPU
		{8E474516-A5D7-4725-A911-D8A4D0CEBB2F}.Release|Any CPU.ActiveCfg = Release|Any CPU
		{8E474516-A5D7-4725-A911-D8A4D0CEBB2F}.Release|Any CPU.Build.0 = Release|Any CPU
		{E9193A8D-2382-4396-9A6A-EB07658F79C8}.Debug|Any CPU.ActiveCfg = Debug|Any CPU
		{E9193A8D-2382-4396-9A6A-EB07658F79C8}.Debug|Any CPU.Build.0 = Debug|Any CPU
		{E9193A8D-2382-4396-9A6A-EB07658F79C8}.Release|Any CPU.ActiveCfg = Release|Any CPU
		{E9193A8D-2382-4396-9A6A-EB07658F79C8}.Release|Any CPU.Build.0 = Release|Any CPU
		{8725E343-0910-4217-BFEE-37BD41676DB8}.Debug|Any CPU.ActiveCfg = Debug|Any CPU
		{8725E343-0910-4217-BFEE-37BD41676DB8}.Debug|Any CPU.Build.0 = Debug|Any CPU
		{8725E343-0910-4217-BFEE-37BD41676DB8}.Release|Any CPU.ActiveCfg = Release|Any CPU
		{8725E343-0910-4217-BFEE-37BD41676DB8}.Release|Any CPU.Build.0 = Release|Any CPU
	EndGlobalSection
	GlobalSection(SolutionProperties) = preSolution
		HideSolutionNode = FALSE
	EndGlobalSection
	GlobalSection(ExtensibilityGlobals) = postSolution
		SolutionGuid = {CB2E196B-A624-4FBC-8030-C22B475EF640}
	EndGlobalSection
EndGlobal
